
Microsoft Visual Studio Solution File, Format Version 12.00
# Visual Studio Version 17
VisualStudioVersion = 17.9.34728.123
MinimumVisualStudioVersion = 10.0.40219.1
Project("{8BC9CEB8-8B4A-11D0-8D11-00A0C91BC942}") = "PatchLoader", "Project1.vcxproj", "{4FFF4CEA-7A42-4751-9D78-918C978445A7}"
EndProject
Project("{8BC9CEB8-8B4A-11D0-8D11-00A0C91BC942}") = "PatchTarget", "..\PatchTarget\PatchTarget.vcxproj", "{EE1C7758-8FB8-496C-A754-54D45C265E36}"
EndProject
Project("{8BC9CEB8-8B4A-11D0-8D11-00A0C91BC942}") = "OriginalDLL", "..\OriginalDLL\OriginalDLL.vcxproj", "{A56DC211-FC65-4CF0-B2F5-F044105DFC93}"
EndProject
Project("{8BC9CEB8-8B4A-11D0-8D11-00A0C91BC942}") = "UpdatedDLL", "..\UpdatedDLL\UpdatedDLL.vcxproj", "{3EE11CDA-E2C7-44E5-8B64-E19AFB0D2F9C}"
EndProject
Project("{8BC9CEB8-8B4A-11D0-8D11-00A0C91BC942}") = "ImageInfo", "..\ImageInfo\ImageInfo.vcxproj", "{F9A0E9B7-0804-4E3E-8BF9-085837394B01}"
EndProject
Project("{8BC9CEB8-8B4A-11D0-8D11-00A0C91BC942}") = "ImageSetHotpatchOffset", "..\ImageSetHotpatchOffset\ImageSetHotpatchOffset.vcxproj", "{AC8CA01C-6A38-4039-84F0-FC291F33EDF7}"
EndProject
Global
	GlobalSection(SolutionConfigurationPlatforms) = preSolution
		Debug|ARM64 = Debug|ARM64
		Debug|x64 = Debug|x64
		Debug|x86 = Debug|x86
		Release|ARM64 = Release|ARM64
		Release|x64 = Release|x64
		Release|x86 = Release|x86
	EndGlobalSection
	GlobalSection(ProjectConfigurationPlatforms) = postSolution
		{4FFF4CEA-7A42-4751-9D78-918C978445A7}.Debug|ARM64.ActiveCfg = Debug|ARM64
		{4FFF4CEA-7A42-4751-9D78-918C978445A7}.Debug|ARM64.Build.0 = Debug|ARM64
		{4FFF4CEA-7A42-4751-9D78-918C978445A7}.Debug|x64.ActiveCfg = Debug|x64
		{4FFF4CEA-7A42-4751-9D78-918C978445A7}.Debug|x64.Build.0 = Debug|x64
		{4FFF4CEA-7A42-4751-9D78-918C978445A7}.Debug|x86.ActiveCfg = Debug|Win32
		{4FFF4CEA-7A42-4751-9D78-918C978445A7}.Debug|x86.Build.0 = Debug|Win32
		{4FFF4CEA-7A42-4751-9D78-918C978445A7}.Release|ARM64.ActiveCfg = Release|ARM64
		{4FFF4CEA-7A42-4751-9D78-918C978445A7}.Release|ARM64.Build.0 = Release|ARM64
		{4FFF4CEA-7A42-4751-9D78-918C978445A7}.Release|x64.ActiveCfg = Release|x64
		{4FFF4CEA-7A42-4751-9D78-918C978445A7}.Release|x64.Build.0 = Release|x64
		{4FFF4CEA-7A42-4751-9D78-918C978445A7}.Release|x86.ActiveCfg = Release|Win32
		{4FFF4CEA-7A42-4751-9D78-918C978445A7}.Release|x86.Build.0 = Release|Win32
		{EE1C7758-8FB8-496C-A754-54D45C265E36}.Debug|ARM64.ActiveCfg = Debug|ARM64
		{EE1C7758-8FB8-496C-A754-54D45C265E36}.Debug|ARM64.Build.0 = Debug|ARM64
		{EE1C7758-8FB8-496C-A754-54D45C265E36}.Debug|x64.ActiveCfg = Debug|x64
		{EE1C7758-8FB8-496C-A754-54D45C265E36}.Debug|x64.Build.0 = Debug|x64
		{EE1C7758-8FB8-496C-A754-54D45C265E36}.Debug|x86.ActiveCfg = Debug|Win32
		{EE1C7758-8FB8-496C-A754-54D45C265E36}.Debug|x86.Build.0 = Debug|Win32
		{EE1C7758-8FB8-496C-A754-54D45C265E36}.Release|ARM64.ActiveCfg = Release|ARM64
		{EE1C7758-8FB8-496C-A754-54D45C265E36}.Release|ARM64.Build.0 = Release|ARM64
		{EE1C7758-8FB8-496C-A754-54D45C265E36}.Release|x64.ActiveCfg = Release|x64
		{EE1C7758-8FB8-496C-A754-54D45C265E36}.Release|x64.Build.0 = Release|x64
		{EE1C7758-8FB8-496C-A754-54D45C265E36}.Release|x86.ActiveCfg = Release|Win32
		{EE1C7758-8FB8-496C-A754-54D45C265E36}.Release|x86.Build.0 = Release|Win32
		{A56DC211-FC65-4CF0-B2F5-F044105DFC93}.Debug|ARM64.ActiveCfg = Debug|ARM64
		{A56DC211-FC65-4CF0-B2F5-F044105DFC93}.Debug|ARM64.Build.0 = Debug|ARM64
		{A56DC211-FC65-4CF0-B2F5-F044105DFC93}.Debug|x64.ActiveCfg = Debug|x64
		{A56DC211-FC65-4CF0-B2F5-F044105DFC93}.Debug|x64.Build.0 = Debug|x64
		{A56DC211-FC65-4CF0-B2F5-F044105DFC93}.Debug|x86.ActiveCfg = Debug|Win32
		{A56DC211-FC65-4CF0-B2F5-F044105DFC93}.Debug|x86.Build.0 = Debug|Win32
		{A56DC211-FC65-4CF0-B2F5-F044105DFC93}.Release|ARM64.ActiveCfg = Release|ARM64
		{A56DC211-FC65-4CF0-B2F5-F044105DFC93}.Release|ARM64.Build.0 = Release|ARM64
		{A56DC211-FC65-4CF0-B2F5-F044105DFC93}.Release|x64.ActiveCfg = Release|x64
		{A56DC211-FC65-4CF0-B2F5-F044105DFC93}.Release|x64.Build.0 = Release|x64
		{A56DC211-FC65-4CF0-B2F5-F044105DFC93}.Release|x86.ActiveCfg = Release|Win32
		{A56DC211-FC65-4CF0-B2F5-F044105DFC93}.Release|x86.Build.0 = Release|Win32
		{3EE11CDA-E2C7-44E5-8B64-E19AFB0D2F9C}.Debug|ARM64.ActiveCfg = Debug|ARM64
		{3EE11CDA-E2C7-44E5-8B64-E19AFB0D2F9C}.Debug|ARM64.Build.0 = Debug|ARM64
		{3EE11CDA-E2C7-44E5-8B64-E19AFB0D2F9C}.Debug|x64.ActiveCfg = Debug|x64
		{3EE11CDA-E2C7-44E5-8B64-E19AFB0D2F9C}.Debug|x64.Build.0 = Debug|x64
		{3EE11CDA-E2C7-44E5-8B64-E19AFB0D2F9C}.Debug|x86.ActiveCfg = Debug|Win32
		{3EE11CDA-E2C7-44E5-8B64-E19AFB0D2F9C}.Debug|x86.Build.0 = Debug|Win32
		{3EE11CDA-E2C7-44E5-8B64-E19AFB0D2F9C}.Release|ARM64.ActiveCfg = Release|ARM64
		{3EE11CDA-E2C7-44E5-8B64-E19AFB0D2F9C}.Release|ARM64.Build.0 = Release|ARM64
		{3EE11CDA-E2C7-44E5-8B64-E19AFB0D2F9C}.Release|x64.ActiveCfg = Release|x64
		{3EE11CDA-E2C7-44E5-8B64-E19AFB0D2F9C}.Release|x64.Build.0 = Release|x64
		{3EE11CDA-E2C7-44E5-8B64-E19AFB0D2F9C}.Release|x86.ActiveCfg = Release|Win32
		{3EE11CDA-E2C7-44E5-8B64-E19AFB0D2F9C}.Release|x86.Build.0 = Release|Win32
		{F9A0E9B7-0804-4E3E-8BF9-085837394B01}.Debug|ARM64.ActiveCfg = Debug|ARM64
		{F9A0E9B7-0804-4E3E-8BF9-085837394B01}.Debug|ARM64.Build.0 = Debug|ARM64
		{F9A0E9B7-0804-4E3E-8BF9-085837394B01}.Debug|x64.ActiveCfg = Debug|x64
		{F9A0E9B7-0804-4E3E-8BF9-085837394B01}.Debug|x64.Build.0 = Debug|x64
		{F9A0E9B7-0804-4E3E-8BF9-085837394B01}.Debug|x86.ActiveCfg = Debug|Win32
		{F9A0E9B7-0804-4E3E-8BF9-085837394B01}.Debug|x86.Build.0 = Debug|Win32
		{F9A0E9B7-0804-4E3E-8BF9-085837394B01}.Release|ARM64.ActiveCfg = Release|ARM64
		{F9A0E9B7-0804-4E3E-8BF9-085837394B01}.Release|ARM64.Build.0 = Release|ARM64
		{F9A0E9B7-0804-4E3E-8BF9-085837394B01}.Release|x64.ActiveCfg = Release|x64
		{F9A0E9B7-0804-4E3E-8BF9-085837394B01}.Release|x64.Build.0 = Release|x64
		{F9A0E9B7-0804-4E3E-8BF9-085837394B01}.Release|x86.ActiveCfg = Release|Win32
		{F9A0E9B7-0804-4E3E-8BF9-085837394B01}.Release|x86.Build.0 = Release|Win32
		{AC8CA01C-6A38-4039-84F0-FC291F33EDF7}.Debug|ARM64.ActiveCfg = Debug|ARM64
		{AC8CA01C-6A38-4039-84F0-FC291F33EDF7}.Debug|ARM64.Build.0 = Debug|ARM64
		{AC8CA01C-6A38-4039-84F0-FC291F33EDF7}.Debug|x64.ActiveCfg = Debug|x64
		{AC8CA01C-6A38-4039-84F0-FC291F33EDF7}.Debug|x64.Build.0 = Debug|x64
		{AC8CA01C-6A38-4039-84F0-FC291F33EDF7}.Debug|x86.ActiveCfg = Debug|Win32
		{AC8CA01C-6A38-4039-84F0-FC291F33EDF7}.Debug|x86.Build.0 = Debug|Win32
		{AC8CA01C-6A38-4039-84F0-FC291F33EDF7}.Release|ARM64.ActiveCfg = Release|ARM64
		{AC8CA01C-6A38-4039-84F0-FC291F33EDF7}.Release|ARM64.Build.0 = Release|ARM64
		{AC8CA01C-6A38-4039-84F0-FC291F33EDF7}.Release|x64.ActiveCfg = Release|x64
		{AC8CA01C-6A38-4039-84F0-FC291F33EDF7}.Release|x64.Build.0 = Release|x64
		{AC8CA01C-6A38-4039-84F0-FC291F33EDF7}.Release|x86.ActiveCfg = Release|Win32
		{AC8CA01C-6A38-4039-84F0-FC291F33EDF7}.Release|x86.Build.0 = Release|Win32
	EndGlobalSection
	GlobalSection(SolutionProperties) = preSolution
		HideSolutionNode = FALSE
	EndGlobalSection
	GlobalSection(ExtensibilityGlobals) = postSolution
		SolutionGuid = {B22303D5-B297-4910-995F-B5E4E4434672}
	EndGlobalSection
EndGlobal
